// !$*UTF8*$!
{
	archiveVersion = 1;
	classes = {
	};
	objectVersion = 55;
	objects = {

/* Begin PBXBuildFile section */
		297B609B283BC8FE00ABC337 /* FeedViewController.swift in Sources */ = {isa = PBXBuildFile; fileRef = 297B609A283BC8FE00ABC337 /* FeedViewController.swift */; };
		297B609D283BC91400ABC337 /* FeedViewModel.swift in Sources */ = {isa = PBXBuildFile; fileRef = 297B609C283BC91400ABC337 /* FeedViewModel.swift */; };
		297B60A0283BCA9600ABC337 /* ActivityViewController.swift in Sources */ = {isa = PBXBuildFile; fileRef = 297B609F283BCA9600ABC337 /* ActivityViewController.swift */; };
		297B60A2283BCAD400ABC337 /* ActivityViewModel.swift in Sources */ = {isa = PBXBuildFile; fileRef = 297B60A1283BCAD400ABC337 /* ActivityViewModel.swift */; };
		297B60A5283BCB8400ABC337 /* ToMeetViewController.swift in Sources */ = {isa = PBXBuildFile; fileRef = 297B60A4283BCB8400ABC337 /* ToMeetViewController.swift */; };
		297B60A7283BCBC100ABC337 /* ToMeetViewModel.swift in Sources */ = {isa = PBXBuildFile; fileRef = 297B60A6283BCBC100ABC337 /* ToMeetViewModel.swift */; };
		297B60AA283BCC3400ABC337 /* PerfilViewController.swift in Sources */ = {isa = PBXBuildFile; fileRef = 297B60A9283BCC3400ABC337 /* PerfilViewController.swift */; };
		297B60AC283BCC6B00ABC337 /* PerfilViewModel.swift in Sources */ = {isa = PBXBuildFile; fileRef = 297B60AB283BCC6B00ABC337 /* PerfilViewModel.swift */; };
		297B60AE283BCD9800ABC337 /* MainTabBarViewController.swift in Sources */ = {isa = PBXBuildFile; fileRef = 297B60AD283BCD9800ABC337 /* MainTabBarViewController.swift */; };
		297B60B1283BD7F300ABC337 /* Utils.swift in Sources */ = {isa = PBXBuildFile; fileRef = 297B60B0283BD7F300ABC337 /* Utils.swift */; };
		297B60B4283BF84900ABC337 /* StatusHeaderView.swift in Sources */ = {isa = PBXBuildFile; fileRef = 297B60B3283BF84900ABC337 /* StatusHeaderView.swift */; };
		297B60B6283C036900ABC337 /* PictureCollectionViewCell.swift in Sources */ = {isa = PBXBuildFile; fileRef = 297B60B5283C036900ABC337 /* PictureCollectionViewCell.swift */; };
		297B60B9283D19B900ABC337 /* GradientExtensions.swift in Sources */ = {isa = PBXBuildFile; fileRef = 297B60B8283D19B900ABC337 /* GradientExtensions.swift */; };
		297B60BE283D43B700ABC337 /* PostTableViewCell.swift in Sources */ = {isa = PBXBuildFile; fileRef = 297B60BD283D43B700ABC337 /* PostTableViewCell.swift */; };
		297B60C1283E679500ABC337 /* ActivityTableViewCell.swift in Sources */ = {isa = PBXBuildFile; fileRef = 297B60C0283E679500ABC337 /* ActivityTableViewCell.swift */; };
		297B60C4283EA27000ABC337 /* SmallPostCollectionViewCell.swift in Sources */ = {isa = PBXBuildFile; fileRef = 297B60C3283EA27000ABC337 /* SmallPostCollectionViewCell.swift */; };
		29BB367328382CBD007F72F5 /* AppDelegate.swift in Sources */ = {isa = PBXBuildFile; fileRef = 29BB367228382CBD007F72F5 /* AppDelegate.swift */; };
		29BB367528382CBD007F72F5 /* SceneDelegate.swift in Sources */ = {isa = PBXBuildFile; fileRef = 29BB367428382CBD007F72F5 /* SceneDelegate.swift */; };
		29BB367D28382CBD007F72F5 /* Instagram.xcdatamodeld in Sources */ = {isa = PBXBuildFile; fileRef = 29BB367B28382CBD007F72F5 /* Instagram.xcdatamodeld */; };
		29BB367F28382CBE007F72F5 /* Assets.xcassets in Resources */ = {isa = PBXBuildFile; fileRef = 29BB367E28382CBE007F72F5 /* Assets.xcassets */; };
		29BB368228382CBE007F72F5 /* LaunchScreen.storyboard in Resources */ = {isa = PBXBuildFile; fileRef = 29BB368028382CBE007F72F5 /* LaunchScreen.storyboard */; };
/* End PBXBuildFile section */

/* Begin PBXFileReference section */
		297B609A283BC8FE00ABC337 /* FeedViewController.swift */ = {isa = PBXFileReference; lastKnownFileType = sourcecode.swift; path = FeedViewController.swift; sourceTree = "<group>"; };
		297B609C283BC91400ABC337 /* FeedViewModel.swift */ = {isa = PBXFileReference; lastKnownFileType = sourcecode.swift; path = FeedViewModel.swift; sourceTree = "<group>"; };
		297B609F283BCA9600ABC337 /* ActivityViewController.swift */ = {isa = PBXFileReference; lastKnownFileType = sourcecode.swift; path = ActivityViewController.swift; sourceTree = "<group>"; };
		297B60A1283BCAD400ABC337 /* ActivityViewModel.swift */ = {isa = PBXFileReference; lastKnownFileType = sourcecode.swift; path = ActivityViewModel.swift; sourceTree = "<group>"; };
		297B60A4283BCB8400ABC337 /* ToMeetViewController.swift */ = {isa = PBXFileReference; lastKnownFileType = sourcecode.swift; path = ToMeetViewController.swift; sourceTree = "<group>"; };
		297B60A6283BCBC100ABC337 /* ToMeetViewModel.swift */ = {isa = PBXFileReference; lastKnownFileType = sourcecode.swift; path = ToMeetViewModel.swift; sourceTree = "<group>"; };
		297B60A9283BCC3400ABC337 /* PerfilViewController.swift */ = {isa = PBXFileReference; lastKnownFileType = sourcecode.swift; path = PerfilViewController.swift; sourceTree = "<group>"; };
		297B60AB283BCC6B00ABC337 /* PerfilViewModel.swift */ = {isa = PBXFileReference; lastKnownFileType = sourcecode.swift; path = PerfilViewModel.swift; sourceTree = "<group>"; };
		297B60AD283BCD9800ABC337 /* MainTabBarViewController.swift */ = {isa = PBXFileReference; lastKnownFileType = sourcecode.swift; path = MainTabBarViewController.swift; sourceTree = "<group>"; };
		297B60B0283BD7F300ABC337 /* Utils.swift */ = {isa = PBXFileReference; lastKnownFileType = sourcecode.swift; path = Utils.swift; sourceTree = "<group>"; };
		297B60B3283BF84900ABC337 /* StatusHeaderView.swift */ = {isa = PBXFileReference; lastKnownFileType = sourcecode.swift; path = StatusHeaderView.swift; sourceTree = "<group>"; };
		297B60B5283C036900ABC337 /* PictureCollectionViewCell.swift */ = {isa = PBXFileReference; lastKnownFileType = sourcecode.swift; path = PictureCollectionViewCell.swift; sourceTree = "<group>"; };
		297B60B8283D19B900ABC337 /* GradientExtensions.swift */ = {isa = PBXFileReference; lastKnownFileType = sourcecode.swift; path = GradientExtensions.swift; sourceTree = "<group>"; };
		297B60BD283D43B700ABC337 /* PostTableViewCell.swift */ = {isa = PBXFileReference; lastKnownFileType = sourcecode.swift; path = PostTableViewCell.swift; sourceTree = "<group>"; };
		297B60C0283E679500ABC337 /* ActivityTableViewCell.swift */ = {isa = PBXFileReference; lastKnownFileType = sourcecode.swift; path = ActivityTableViewCell.swift; sourceTree = "<group>"; };
		297B60C3283EA27000ABC337 /* SmallPostCollectionViewCell.swift */ = {isa = PBXFileReference; lastKnownFileType = sourcecode.swift; path = SmallPostCollectionViewCell.swift; sourceTree = "<group>"; };
		29BB366F28382CBD007F72F5 /* Instagram.app */ = {isa = PBXFileReference; explicitFileType = wrapper.application; includeInIndex = 0; path = Instagram.app; sourceTree = BUILT_PRODUCTS_DIR; };
		29BB367228382CBD007F72F5 /* AppDelegate.swift */ = {isa = PBXFileReference; lastKnownFileType = sourcecode.swift; path = AppDelegate.swift; sourceTree = "<group>"; };
		29BB367428382CBD007F72F5 /* SceneDelegate.swift */ = {isa = PBXFileReference; lastKnownFileType = sourcecode.swift; path = SceneDelegate.swift; sourceTree = "<group>"; };
		29BB367C28382CBD007F72F5 /* Instagram.xcdatamodel */ = {isa = PBXFileReference; lastKnownFileType = wrapper.xcdatamodel; path = Instagram.xcdatamodel; sourceTree = "<group>"; };
		29BB367E28382CBE007F72F5 /* Assets.xcassets */ = {isa = PBXFileReference; lastKnownFileType = folder.assetcatalog; path = Assets.xcassets; sourceTree = "<group>"; };
		29BB368128382CBE007F72F5 /* Base */ = {isa = PBXFileReference; lastKnownFileType = file.storyboard; name = Base; path = Base.lproj/LaunchScreen.storyboard; sourceTree = "<group>"; };
		29BB368328382CBE007F72F5 /* Info.plist */ = {isa = PBXFileReference; lastKnownFileType = text.plist.xml; path = Info.plist; sourceTree = "<group>"; };
/* End PBXFileReference section */

/* Begin PBXFrameworksBuildPhase section */
		29BB366C28382CBD007F72F5 /* Frameworks */ = {
			isa = PBXFrameworksBuildPhase;
			buildActionMask = 2147483647;
			files = (
			);
			runOnlyForDeploymentPostprocessing = 0;
		};
/* End PBXFrameworksBuildPhase section */

/* Begin PBXGroup section */
		297B6096283BC85500ABC337 /* Sections */ = {
			isa = PBXGroup;
			children = (
				297B60AF283BCFFA00ABC337 /* TabBar */,
				297B6099283BC8A900ABC337 /* Feed */,
				297B609E283BCA4F00ABC337 /* Activity */,
				297B60A3283BCB6400ABC337 /* ToMeet */,
				297B60A8283BCC1D00ABC337 /* Perfil */,
			);
			path = Sections;
			sourceTree = "<group>";
		};
		297B6097283BC87000ABC337 /* Model */ = {
			isa = PBXGroup;
			children = (
			);
			path = Model;
			sourceTree = "<group>";
		};
		297B6098283BC87B00ABC337 /* Repository */ = {
			isa = PBXGroup;
			children = (
			);
			path = Repository;
			sourceTree = "<group>";
		};
		297B6099283BC8A900ABC337 /* Feed */ = {
			isa = PBXGroup;
			children = (
				297B609A283BC8FE00ABC337 /* FeedViewController.swift */,
				297B609C283BC91400ABC337 /* FeedViewModel.swift */,
			);
			path = Feed;
			sourceTree = "<group>";
		};
		297B609E283BCA4F00ABC337 /* Activity */ = {
			isa = PBXGroup;
			children = (
				297B609F283BCA9600ABC337 /* ActivityViewController.swift */,
				297B60A1283BCAD400ABC337 /* ActivityViewModel.swift */,
			);
			path = Activity;
			sourceTree = "<group>";
		};
		297B60A3283BCB6400ABC337 /* ToMeet */ = {
			isa = PBXGroup;
			children = (
				297B60A4283BCB8400ABC337 /* ToMeetViewController.swift */,
				297B60A6283BCBC100ABC337 /* ToMeetViewModel.swift */,
			);
			path = ToMeet;
			sourceTree = "<group>";
		};
		297B60A8283BCC1D00ABC337 /* Perfil */ = {
			isa = PBXGroup;
			children = (
				297B60A9283BCC3400ABC337 /* PerfilViewController.swift */,
				297B60AB283BCC6B00ABC337 /* PerfilViewModel.swift */,
			);
			path = Perfil;
			sourceTree = "<group>";
		};
		297B60AF283BCFFA00ABC337 /* TabBar */ = {
			isa = PBXGroup;
			children = (
				297B60AD283BCD9800ABC337 /* MainTabBarViewController.swift */,
			);
			path = TabBar;
			sourceTree = "<group>";
		};
		297B60B2283BF72400ABC337 /* View */ = {
			isa = PBXGroup;
			children = (
				297B60BB283D436100ABC337 /* StatusHeader */,
				297B60BC283D437A00ABC337 /* PictureCell */,
				297B60BA283D42EC00ABC337 /* PostCell */,
				297B60BF283E676E00ABC337 /* ActivityCell */,
				297B60C2283EA22700ABC337 /* ToMeetCell */,
			);
			path = View;
			sourceTree = "<group>";
		};
		297B60B7283D199000ABC337 /* Extensions */ = {
			isa = PBXGroup;
			children = (
				297B60B8283D19B900ABC337 /* GradientExtensions.swift */,
			);
			path = Extensions;
			sourceTree = "<group>";
		};
		297B60BA283D42EC00ABC337 /* PostCell */ = {
			isa = PBXGroup;
			children = (
				297B60BD283D43B700ABC337 /* PostTableViewCell.swift */,
			);
			path = PostCell;
			sourceTree = "<group>";
		};
		297B60BB283D436100ABC337 /* StatusHeader */ = {
			isa = PBXGroup;
			children = (
				297B60B3283BF84900ABC337 /* StatusHeaderView.swift */,
			);
			path = StatusHeader;
			sourceTree = "<group>";
		};
		297B60BC283D437A00ABC337 /* PictureCell */ = {
			isa = PBXGroup;
			children = (
				297B60B5283C036900ABC337 /* PictureCollectionViewCell.swift */,
			);
			path = PictureCell;
			sourceTree = "<group>";
		};
		297B60BF283E676E00ABC337 /* ActivityCell */ = {
			isa = PBXGroup;
			children = (
				297B60C0283E679500ABC337 /* ActivityTableViewCell.swift */,
			);
			path = ActivityCell;
			sourceTree = "<group>";
		};
		297B60C2283EA22700ABC337 /* ToMeetCell */ = {
			isa = PBXGroup;
			children = (
				297B60C3283EA27000ABC337 /* SmallPostCollectionViewCell.swift */,
			);
			path = ToMeetCell;
			sourceTree = "<group>";
		};
		29BB366628382CBD007F72F5 = {
			isa = PBXGroup;
			children = (
				29BB367128382CBD007F72F5 /* Instagram */,
				29BB367028382CBD007F72F5 /* Products */,
			);
			sourceTree = "<group>";
		};
		29BB367028382CBD007F72F5 /* Products */ = {
			isa = PBXGroup;
			children = (
				29BB366F28382CBD007F72F5 /* Instagram.app */,
			);
			name = Products;
			sourceTree = "<group>";
		};
		29BB367128382CBD007F72F5 /* Instagram */ = {
			isa = PBXGroup;
			children = (
				297B60B7283D199000ABC337 /* Extensions */,
				297B6098283BC87B00ABC337 /* Repository */,
				297B6097283BC87000ABC337 /* Model */,
				297B6096283BC85500ABC337 /* Sections */,
				297B60B2283BF72400ABC337 /* View */,
				29BB367228382CBD007F72F5 /* AppDelegate.swift */,
				29BB367428382CBD007F72F5 /* SceneDelegate.swift */,
				29BB367E28382CBE007F72F5 /* Assets.xcassets */,
				29BB368028382CBE007F72F5 /* LaunchScreen.storyboard */,
				29BB368328382CBE007F72F5 /* Info.plist */,
				29BB367B28382CBD007F72F5 /* Instagram.xcdatamodeld */,
				297B60B0283BD7F300ABC337 /* Utils.swift */,
			);
			path = Instagram;
			sourceTree = "<group>";
		};
/* End PBXGroup section */

/* Begin PBXNativeTarget section */
		29BB366E28382CBD007F72F5 /* Instagram */ = {
			isa = PBXNativeTarget;
			buildConfigurationList = 29BB368628382CBE007F72F5 /* Build configuration list for PBXNativeTarget "Instagram" */;
			buildPhases = (
				29BB366B28382CBD007F72F5 /* Sources */,
				29BB366C28382CBD007F72F5 /* Frameworks */,
				29BB366D28382CBD007F72F5 /* Resources */,
			);
			buildRules = (
			);
			dependencies = (
			);
			name = Instagram;
			productName = Instagram;
			productReference = 29BB366F28382CBD007F72F5 /* Instagram.app */;
			productType = "com.apple.product-type.application";
		};
/* End PBXNativeTarget section */

/* Begin PBXProject section */
		29BB366728382CBD007F72F5 /* Project object */ = {
			isa = PBXProject;
			attributes = {
				BuildIndependentTargetsInParallel = 1;
				LastSwiftUpdateCheck = 1320;
				LastUpgradeCheck = 1320;
				TargetAttributes = {
					29BB366E28382CBD007F72F5 = {
						CreatedOnToolsVersion = 13.2.1;
					};
				};
			};
			buildConfigurationList = 29BB366A28382CBD007F72F5 /* Build configuration list for PBXProject "Instagram" */;
			compatibilityVersion = "Xcode 13.0";
			developmentRegion = en;
			hasScannedForEncodings = 0;
			knownRegions = (
				en,
				Base,
			);
			mainGroup = 29BB366628382CBD007F72F5;
			productRefGroup = 29BB367028382CBD007F72F5 /* Products */;
			projectDirPath = "";
			projectRoot = "";
			targets = (
				29BB366E28382CBD007F72F5 /* Instagram */,
			);
		};
/* End PBXProject section */

/* Begin PBXResourcesBuildPhase section */
		29BB366D28382CBD007F72F5 /* Resources */ = {
			isa = PBXResourcesBuildPhase;
			buildActionMask = 2147483647;
			files = (
				29BB368228382CBE007F72F5 /* LaunchScreen.storyboard in Resources */,
				29BB367F28382CBE007F72F5 /* Assets.xcassets in Resources */,
			);
			runOnlyForDeploymentPostprocessing = 0;
		};
/* End PBXResourcesBuildPhase section */

/* Begin PBXSourcesBuildPhase section */
		29BB366B28382CBD007F72F5 /* Sources */ = {
			isa = PBXSourcesBuildPhase;
			buildActionMask = 2147483647;
			files = (
				29BB367D28382CBD007F72F5 /* Instagram.xcdatamodeld in Sources */,
				297B60B9283D19B900ABC337 /* GradientExtensions.swift in Sources */,
				297B60BE283D43B700ABC337 /* PostTableViewCell.swift in Sources */,
				297B60C4283EA27000ABC337 /* SmallPostCollectionViewCell.swift in Sources */,
				297B60A0283BCA9600ABC337 /* ActivityViewController.swift in Sources */,
				297B60A5283BCB8400ABC337 /* ToMeetViewController.swift in Sources */,
				297B60A2283BCAD400ABC337 /* ActivityViewModel.swift in Sources */,
				297B60AA283BCC3400ABC337 /* PerfilViewController.swift in Sources */,
				297B60B4283BF84900ABC337 /* StatusHeaderView.swift in Sources */,
				297B60C1283E679500ABC337 /* ActivityTableViewCell.swift in Sources */,
				297B60B1283BD7F300ABC337 /* Utils.swift in Sources */,
				297B609D283BC91400ABC337 /* FeedViewModel.swift in Sources */,
				297B609B283BC8FE00ABC337 /* FeedViewController.swift in Sources */,
				297B60AC283BCC6B00ABC337 /* PerfilViewModel.swift in Sources */,
				297B60A7283BCBC100ABC337 /* ToMeetViewModel.swift in Sources */,
				297B60AE283BCD9800ABC337 /* MainTabBarViewController.swift in Sources */,
				297B60B6283C036900ABC337 /* PictureCollectionViewCell.swift in Sources */,
				29BB367328382CBD007F72F5 /* AppDelegate.swift in Sources */,
				29BB367528382CBD007F72F5 /* SceneDelegate.swift in Sources */,
			);
			runOnlyForDeploymentPostprocessing = 0;
		};
/* End PBXSourcesBuildPhase section */

/* Begin PBXVariantGroup section */
		29BB368028382CBE007F72F5 /* LaunchScreen.storyboard */ = {
			isa = PBXVariantGroup;
			children = (
				29BB368128382CBE007F72F5 /* Base */,
			);
			name = LaunchScreen.storyboard;
			sourceTree = "<group>";
		};
/* End PBXVariantGroup section */

/* Begin XCBuildConfiguration section */
		29BB368428382CBE007F72F5 /* Debug */ = {
			isa = XCBuildConfiguration;
			buildSettings = {
				ALWAYS_SEARCH_USER_PATHS = NO;
				CLANG_ANALYZER_NONNULL = YES;
				CLANG_ANALYZER_NUMBER_OBJECT_CONVERSION = YES_AGGRESSIVE;
				CLANG_CXX_LANGUAGE_STANDARD = "gnu++17";
				CLANG_CXX_LIBRARY = "libc++";
				CLANG_ENABLE_MODULES = YES;
				CLANG_ENABLE_OBJC_ARC = YES;
				CLANG_ENABLE_OBJC_WEAK = YES;
				CLANG_WARN_BLOCK_CAPTURE_AUTORELEASING = YES;
				CLANG_WARN_BOOL_CONVERSION = YES;
				CLANG_WARN_COMMA = YES;
				CLANG_WARN_CONSTANT_CONVERSION = YES;
				CLANG_WARN_DEPRECATED_OBJC_IMPLEMENTATIONS = YES;
				CLANG_WARN_DIRECT_OBJC_ISA_USAGE = YES_ERROR;
				CLANG_WARN_DOCUMENTATION_COMMENTS = YES;
				CLANG_WARN_EMPTY_BODY = YES;
				CLANG_WARN_ENUM_CONVERSION = YES;
				CLANG_WARN_INFINITE_RECURSION = YES;
				CLANG_WARN_INT_CONVERSION = YES;
				CLANG_WARN_NON_LITERAL_NULL_CONVERSION = YES;
				CLANG_WARN_OBJC_IMPLICIT_RETAIN_SELF = YES;
				CLANG_WARN_OBJC_LITERAL_CONVERSION = YES;
				CLANG_WARN_OBJC_ROOT_CLASS = YES_ERROR;
				CLANG_WARN_QUOTED_INCLUDE_IN_FRAMEWORK_HEADER = YES;
				CLANG_WARN_RANGE_LOOP_ANALYSIS = YES;
				CLANG_WARN_STRICT_PROTOTYPES = YES;
				CLANG_WARN_SUSPICIOUS_MOVE = YES;
				CLANG_WARN_UNGUARDED_AVAILABILITY = YES_AGGRESSIVE;
				CLANG_WARN_UNREACHABLE_CODE = YES;
				CLANG_WARN__DUPLICATE_METHOD_MATCH = YES;
				COPY_PHASE_STRIP = NO;
				DEBUG_INFORMATION_FORMAT = dwarf;
				ENABLE_STRICT_OBJC_MSGSEND = YES;
				ENABLE_TESTABILITY = YES;
				GCC_C_LANGUAGE_STANDARD = gnu11;
				GCC_DYNAMIC_NO_PIC = NO;
				GCC_NO_COMMON_BLOCKS = YES;
				GCC_OPTIMIZATION_LEVEL = 0;
				GCC_PREPROCESSOR_DEFINITIONS = (
					"DEBUG=1",
					"$(inherited)",
				);
				GCC_WARN_64_TO_32_BIT_CONVERSION = YES;
				GCC_WARN_ABOUT_RETURN_TYPE = YES_ERROR;
				GCC_WARN_UNDECLARED_SELECTOR = YES;
				GCC_WARN_UNINITIALIZED_AUTOS = YES_AGGRESSIVE;
				GCC_WARN_UNUSED_FUNCTION = YES;
				GCC_WARN_UNUSED_VARIABLE = YES;
				IPHONEOS_DEPLOYMENT_TARGET = 15.2;
				MTL_ENABLE_DEBUG_INFO = INCLUDE_SOURCE;
				MTL_FAST_MATH = YES;
				ONLY_ACTIVE_ARCH = YES;
				SDKROOT = iphoneos;
				SWIFT_ACTIVE_COMPILATION_CONDITIONS = DEBUG;
				SWIFT_OPTIMIZATION_LEVEL = "-Onone";
			};
			name = Debug;
		};
		29BB368528382CBE007F72F5 /* Release */ = {
			isa = XCBuildConfiguration;
			buildSettings = {
				ALWAYS_SEARCH_USER_PATHS = NO;
				CLANG_ANALYZER_NONNULL = YES;
				CLANG_ANALYZER_NUMBER_OBJECT_CONVERSION = YES_AGGRESSIVE;
				CLANG_CXX_LANGUAGE_STANDARD = "gnu++17";
				CLANG_CXX_LIBRARY = "libc++";
				CLANG_ENABLE_MODULES = YES;
				CLANG_ENABLE_OBJC_ARC = YES;
				CLANG_ENABLE_OBJC_WEAK = YES;
				CLANG_WARN_BLOCK_CAPTURE_AUTORELEASING = YES;
				CLANG_WARN_BOOL_CONVERSION = YES;
				CLANG_WARN_COMMA = YES;
				CLANG_WARN_CONSTANT_CONVERSION = YES;
				CLANG_WARN_DEPRECATED_OBJC_IMPLEMENTATIONS = YES;
				CLANG_WARN_DIRECT_OBJC_ISA_USAGE = YES_ERROR;
				CLANG_WARN_DOCUMENTATION_COMMENTS = YES;
				CLANG_WARN_EMPTY_BODY = YES;
				CLANG_WARN_ENUM_CONVERSION = YES;
				CLANG_WARN_INFINITE_RECURSION = YES;
				CLANG_WARN_INT_CONVERSION = YES;
				CLANG_WARN_NON_LITERAL_NULL_CONVERSION = YES;
				CLANG_WARN_OBJC_IMPLICIT_RETAIN_SELF = YES;
				CLANG_WARN_OBJC_LITERAL_CONVERSION = YES;
				CLANG_WARN_OBJC_ROOT_CLASS = YES_ERROR;
				CLANG_WARN_QUOTED_INCLUDE_IN_FRAMEWORK_HEADER = YES;
				CLANG_WARN_RANGE_LOOP_ANALYSIS = YES;
				CLANG_WARN_STRICT_PROTOTYPES = YES;
				CLANG_WARN_SUSPICIOUS_MOVE = YES;
				CLANG_WARN_UNGUARDED_AVAILABILITY = YES_AGGRESSIVE;
				CLANG_WARN_UNREACHABLE_CODE = YES;
				CLANG_WARN__DUPLICATE_METHOD_MATCH = YES;
				COPY_PHASE_STRIP = NO;
				DEBUG_INFORMATION_FORMAT = "dwarf-with-dsym";
				ENABLE_NS_ASSERTIONS = NO;
				ENABLE_STRICT_OBJC_MSGSEND = YES;
				GCC_C_LANGUAGE_STANDARD = gnu11;
				GCC_NO_COMMON_BLOCKS = YES;
				GCC_WARN_64_TO_32_BIT_CONVERSION = YES;
				GCC_WARN_ABOUT_RETURN_TYPE = YES_ERROR;
				GCC_WARN_UNDECLARED_SELECTOR = YES;
				GCC_WARN_UNINITIALIZED_AUTOS = YES_AGGRESSIVE;
				GCC_WARN_UNUSED_FUNCTION = YES;
				GCC_WARN_UNUSED_VARIABLE = YES;
				IPHONEOS_DEPLOYMENT_TARGET = 15.2;
				MTL_ENABLE_DEBUG_INFO = NO;
				MTL_FAST_MATH = YES;
				SDKROOT = iphoneos;
				SWIFT_COMPILATION_MODE = wholemodule;
				SWIFT_OPTIMIZATION_LEVEL = "-O";
				VALIDATE_PRODUCT = YES;
			};
			name = Release;
		};
		29BB368728382CBE007F72F5 /* Debug */ = {
			isa = XCBuildConfiguration;
			buildSettings = {
				ASSETCATALOG_COMPILER_APPICON_NAME = AppIcon;
				ASSETCATALOG_COMPILER_GLOBAL_ACCENT_COLOR_NAME = AccentColor;
				CODE_SIGN_STYLE = Automatic;
				CURRENT_PROJECT_VERSION = 1;
				GENERATE_INFOPLIST_FILE = YES;
				INFOPLIST_FILE = Instagram/Info.plist;
				INFOPLIST_KEY_CFBundleDisplayName = Instagram;
				INFOPLIST_KEY_UIApplicationSupportsIndirectInputEvents = YES;
				INFOPLIST_KEY_UILaunchStoryboardName = LaunchScreen;
				INFOPLIST_KEY_UISupportedInterfaceOrientations_iPad = "UIInterfaceOrientationPortrait UIInterfaceOrientationPortraitUpsideDown UIInterfaceOrientationLandscapeLeft UIInterfaceOrientationLandscapeRight";
				INFOPLIST_KEY_UISupportedInterfaceOrientations_iPhone = "UIInterfaceOrientationPortrait UIInterfaceOrientationLandscapeLeft UIInterfaceOrientationLandscapeRight";
				LD_RUNPATH_SEARCH_PATHS = (
					"$(inherited)",
					"@executable_path/Frameworks",
				);
				MARKETING_VERSION = 1.0;
				PRODUCT_BUNDLE_IDENTIFIER = com.eliel.Instagram;
				PRODUCT_NAME = "$(TARGET_NAME)";
				SWIFT_EMIT_LOC_STRINGS = YES;
				SWIFT_VERSION = 5.0;
				TARGETED_DEVICE_FAMILY = 1;
			};
			name = Debug;
		};
		29BB368828382CBE007F72F5 /* Release */ = {
			isa = XCBuildConfiguration;
			buildSettings = {
				ASSETCATALOG_COMPILER_APPICON_NAME = AppIcon;
				ASSETCATALOG_COMPILER_GLOBAL_ACCENT_COLOR_NAME = AccentColor;
				CODE_SIGN_STYLE = Automatic;
				CURRENT_PROJECT_VERSION = 1;
				GENERATE_INFOPLIST_FILE = YES;
				INFOPLIST_FILE = Instagram/Info.plist;
				INFOPLIST_KEY_CFBundleDisplayName = Instagram;
				INFOPLIST_KEY_UIApplicationSupportsIndirectInputEvents = YES;
				INFOPLIST_KEY_UILaunchStoryboardName = LaunchScreen;
				INFOPLIST_KEY_UISupportedInterfaceOrientations_iPad = "UIInterfaceOrientationPortrait UIInterfaceOrientationPortraitUpsideDown UIInterfaceOrientationLandscapeLeft UIInterfaceOrientationLandscapeRight";
				INFOPLIST_KEY_UISupportedInterfaceOrientations_iPhone = "UIInterfaceOrientationPortrait UIInterfaceOrientationLandscapeLeft UIInterfaceOrientationLandscapeRight";
				LD_RUNPATH_SEARCH_PATHS = (
					"$(inherited)",
					"@executable_path/Frameworks",
				);
				MARKETING_VERSION = 1.0;
				PRODUCT_BUNDLE_IDENTIFIER = com.eliel.Instagram;
				PRODUCT_NAME = "$(TARGET_NAME)";
				SWIFT_EMIT_LOC_STRINGS = YES;
				SWIFT_VERSION = 5.0;
				TARGETED_DEVICE_FAMILY = 1;
			};
			name = Release;
		};
/* End XCBuildConfiguration section */

/* Begin XCConfigurationList section */
		29BB366A28382CBD007F72F5 /* Build configuration list for PBXProject "Instagram" */ = {
			isa = XCConfigurationList;
			buildConfigurations = (
				29BB368428382CBE007F72F5 /* Debug */,
				29BB368528382CBE007F72F5 /* Release */,
			);
			defaultConfigurationIsVisible = 0;
			defaultConfigurationName = Release;
		};
		29BB368628382CBE007F72F5 /* Build configuration list for PBXNativeTarget "Instagram" */ = {
			isa = XCConfigurationList;
			buildConfigurations = (
				29BB368728382CBE007F72F5 /* Debug */,
				29BB368828382CBE007F72F5 /* Release */,
			);
			defaultConfigurationIsVisible = 0;
			defaultConfigurationName = Release;
		};
/* End XCConfigurationList section */

/* Begin XCVersionGroup section */
		29BB367B28382CBD007F72F5 /* Instagram.xcdatamodeld */ = {
			isa = XCVersionGroup;
			children = (
				29BB367C28382CBD007F72F5 /* Instagram.xcdatamodel */,
			);
			currentVersion = 29BB367C28382CBD007F72F5 /* Instagram.xcdatamodel */;
			path = Instagram.xcdatamodeld;
			sourceTree = "<group>";
			versionGroupType = wrapper.xcdatamodel;
		};
/* End XCVersionGroup section */
	};
	rootObject = 29BB366728382CBD007F72F5 /* Project object */;
}
